
Microsoft Visual Studio Solution File, Format Version 12.00
# Visual Studio 15
VisualStudioVersion = 15.0.27130.2010
MinimumVisualStudioVersion = 10.0.40219.1
Project("{FAE04EC0-301F-11D3-BF4B-00C04F79EFBC}") = "VfpToSqlBulkCopy.Utility", "VfpToSqlBulkCopy.Utility\VfpToSqlBulkCopy.Utility.csproj", "{D43F9FE7-8752-4FB7-99F1-4EA4A0DAB155}"
EndProject
Project("{FAE04EC0-301F-11D3-BF4B-00C04F79EFBC}") = "VfpToSqlBulkCopy.Console", "VfpToSqlBulkCopy.Console\VfpToSqlBulkCopy.Console.csproj", "{2455AFE9-3D33-4F28-9D15-799BBE61E7BF}"
EndProject
Project("{FAE04EC0-301F-11D3-BF4B-00C04F79EFBC}") = "VfpToSqlBulkCopy.Utility.Tests", "VfpToSqlBulkCopy.Utility.Tests\VfpToSqlBulkCopy.Utility.Tests.csproj", "{704D451E-FD58-41B2-85E8-42FE1A4E1B9E}"
EndProject
Project("{2150E333-8FDC-42A3-9474-1A3956D46DE8}") = "Vfp", "Vfp", "{E3D4BD76-E5FB-40B8-AFED-63D55F5CDF04}"
EndProject
Global
	GlobalSection(SolutionConfigurationPlatforms) = preSolution
		Debug|Any CPU = Debug|Any CPU
		Release|Any CPU = Release|Any CPU
	EndGlobalSection
	GlobalSection(ProjectConfigurationPlatforms) = postSolution
		{D43F9FE7-8752-4FB7-99F1-4EA4A0DAB155}.Debug|Any CPU.ActiveCfg = Debug|Any CPU
		{D43F9FE7-8752-4FB7-99F1-4EA4A0DAB155}.Debug|Any CPU.Build.0 = Debug|Any CPU
		{D43F9FE7-8752-4FB7-99F1-4EA4A0DAB155}.Release|Any CPU.ActiveCfg = Release|Any CPU
		{D43F9FE7-8752-4FB7-99F1-4EA4A0DAB155}.Release|Any CPU.Build.0 = Release|Any CPU
		{2455AFE9-3D33-4F28-9D15-799BBE61E7BF}.Debug|Any CPU.ActiveCfg = Debug|Any CPU
		{2455AFE9-3D33-4F28-9D15-799BBE61E7BF}.Debug|Any CPU.Build.0 = Debug|Any CPU
		{2455AFE9-3D33-4F28-9D15-799BBE61E7BF}.Release|Any CPU.ActiveCfg = Release|Any CPU
		{2455AFE9-3D33-4F28-9D15-799BBE61E7BF}.Release|Any CPU.Build.0 = Release|Any CPU
		{704D451E-FD58-41B2-85E8-42FE1A4E1B9E}.Debug|Any CPU.ActiveCfg = Debug|Any CPU
		{704D451E-FD58-41B2-85E8-42FE1A4E1B9E}.Debug|Any CPU.Build.0 = Debug|Any CPU
		{704D451E-FD58-41B2-85E8-42FE1A4E1B9E}.Release|Any CPU.ActiveCfg = Release|Any CPU
		{704D451E-FD58-41B2-85E8-42FE1A4E1B9E}.Release|Any CPU.Build.0 = Release|Any CPU
	EndGlobalSection
	GlobalSection(SolutionProperties) = preSolution
		HideSolutionNode = FALSE
	EndGlobalSection
	GlobalSection(ExtensibilityGlobals) = postSolution
		SolutionGuid = {65307F5A-454A-415D-870D-24EA1BABB3D9}
	EndGlobalSection
EndGlobal
